
Microsoft Visual Studio Solution File, Format Version 12.00
# Visual Studio Version 17
VisualStudioVersion = 17.11.35312.102
MinimumVisualStudioVersion = 10.0.40219.1
Project("{FAE04EC0-301F-11D3-BF4B-00C04F79EFBC}") = "Week3_Demo", "Week3_Demo.csproj", "{CEE68747-812A-4954-AE04-46C8043C591F}"
EndProject
Global
	GlobalSection(SolutionConfigurationPlatforms) = preSolution
		Debug|Any CPU = Debug|Any CPU
		Release|Any CPU = Release|Any CPU
	EndGlobalSection
	GlobalSection(ProjectConfigurationPlatforms) = postSolution
		{CEE68747-812A-4954-AE04-46C8043C591F}.Debug|Any CPU.ActiveCfg = Debug|Any CPU
		{CEE68747-812A-4954-AE04-46C8043C591F}.Debug|Any CPU.Build.0 = Debug|Any CPU
		{CEE68747-812A-4954-AE04-46C8043C591F}.Release|Any CPU.ActiveCfg = Release|Any CPU
		{CEE68747-812A-4954-AE04-46C8043C591F}.Release|Any CPU.Build.0 = Release|Any CPU
	EndGlobalSection
	GlobalSection(SolutionProperties) = preSolution
		HideSolutionNode = FALSE
	EndGlobalSection
	GlobalSection(ExtensibilityGlobals) = postSolution
		SolutionGuid = {08A1662C-3057-4A82-A401-E7E920B284A6}
	EndGlobalSection
EndGlobal
